
Microsoft Visual Studio Solution File, Format Version 12.00
# Visual Studio 2013
VisualStudioVersion = 12.0.31101.0
MinimumVisualStudioVersion = 10.0.40219.1
Project("{FAE04EC0-301F-11D3-BF4B-00C04F79EFBC}") = "NativeCode.Mobile.Core", "NativeCode.Mobile.Core\NativeCode.Mobile.Core.csproj", "{CB24CD06-8765-4AD4-8DE2-766E98BDDA23}"
EndProject
Project("{2150E333-8FDC-42A3-9474-1A3956D46DE8}") = "Demo", "Demo", "{DEE9CC0A-FFCD-49BF-87AC-C3893960A66B}"
EndProject
Project("{FAE04EC0-301F-11D3-BF4B-00C04F79EFBC}") = "Demo", "Demo\Demo\Demo.csproj", "{7CDB0FFD-2834-4F4D-9CB6-E56D8249C692}"
EndProject
Project("{FAE04EC0-301F-11D3-BF4B-00C04F79EFBC}") = "NativeCode.Mobile.Core.XamarinForms", "NativeCode.Mobile.Core.XamarinForms\NativeCode.Mobile.Core.XamarinForms.csproj", "{D283C287-3C33-4B08-99ED-6C70AE2D81F6}"
EndProject
Project("{FAE04EC0-301F-11D3-BF4B-00C04F79EFBC}") = "Demo.Droid", "Demo\Demo.Droid\Demo.Droid.csproj", "{9E6E1F38-2D18-4D0A-BC84-ADE1BF33F571}"
EndProject
Project("{FAE04EC0-301F-11D3-BF4B-00C04F79EFBC}") = "NativeCode.Mobile.Core.Droid", "NativeCode.Mobile.Core.Droid\NativeCode.Mobile.Core.Droid.csproj", "{C1019953-80E9-4402-A7AC-74B2DCFD76B2}"
EndProject
Project("{FAE04EC0-301F-11D3-BF4B-00C04F79EFBC}") = "NativeCode.Mobile.Core.XamarinForms.Droid", "NativeCode.Mobile.Core.XamarinForms.Droid\NativeCode.Mobile.Core.XamarinForms.Droid.csproj", "{730FDB85-3FCC-4BB4-B87A-5574B0C7B9D5}"
EndProject
Project("{2150E333-8FDC-42A3-9474-1A3956D46DE8}") = "Bindings", "Bindings", "{BAD5CF10-1812-4D80-8C1D-EAA213060E25}"
EndProject
Project("{FAE04EC0-301F-11D3-BF4B-00C04F79EFBC}") = "NativeCode.Bindings.AndroidFlipView", "Bindings\NativeCode.Bindings.AndroidFlipView\NativeCode.Bindings.AndroidFlipView.csproj", "{E03F321D-5F40-4335-9F9D-EF1B94FA4D63}"
EndProject
Project("{FAE04EC0-301F-11D3-BF4B-00C04F79EFBC}") = "NativeCode.Sqlite.QueryBuilder", "NativeCode.Sqlite.QueryBuilder\NativeCode.Sqlite.QueryBuilder.csproj", "{388DAB39-0D49-4C2F-9903-4F2C242BD764}"
EndProject
Project("{FAE04EC0-301F-11D3-BF4B-00C04F79EFBC}") = "Tests", "Tests\Tests.csproj", "{E0C9D057-D8E4-4027-86F8-4816C542C029}"
EndProject
Project("{2150E333-8FDC-42A3-9474-1A3956D46DE8}") = ".nuget", ".nuget", "{EAE41544-CD61-402E-BCC3-B8A2FC697C28}"
EndProject
Global
	GlobalSection(SolutionConfigurationPlatforms) = preSolution
		Debug|Any CPU = Debug|Any CPU
		Release|Any CPU = Release|Any CPU
	EndGlobalSection
	GlobalSection(ProjectConfigurationPlatforms) = postSolution
		{CB24CD06-8765-4AD4-8DE2-766E98BDDA23}.Debug|Any CPU.ActiveCfg = Debug|Any CPU
		{CB24CD06-8765-4AD4-8DE2-766E98BDDA23}.Debug|Any CPU.Build.0 = Debug|Any CPU
		{CB24CD06-8765-4AD4-8DE2-766E98BDDA23}.Release|Any CPU.ActiveCfg = Release|Any CPU
		{CB24CD06-8765-4AD4-8DE2-766E98BDDA23}.Release|Any CPU.Build.0 = Release|Any CPU
		{7CDB0FFD-2834-4F4D-9CB6-E56D8249C692}.Debug|Any CPU.ActiveCfg = Debug|Any CPU
		{7CDB0FFD-2834-4F4D-9CB6-E56D8249C692}.Debug|Any CPU.Build.0 = Debug|Any CPU
		{7CDB0FFD-2834-4F4D-9CB6-E56D8249C692}.Release|Any CPU.ActiveCfg = Release|Any CPU
		{7CDB0FFD-2834-4F4D-9CB6-E56D8249C692}.Release|Any CPU.Build.0 = Release|Any CPU
		{D283C287-3C33-4B08-99ED-6C70AE2D81F6}.Debug|Any CPU.ActiveCfg = Debug|Any CPU
		{D283C287-3C33-4B08-99ED-6C70AE2D81F6}.Debug|Any CPU.Build.0 = Debug|Any CPU
		{D283C287-3C33-4B08-99ED-6C70AE2D81F6}.Release|Any CPU.ActiveCfg = Release|Any CPU
		{D283C287-3C33-4B08-99ED-6C70AE2D81F6}.Release|Any CPU.Build.0 = Release|Any CPU
		{9E6E1F38-2D18-4D0A-BC84-ADE1BF33F571}.Debug|Any CPU.ActiveCfg = Debug|Any CPU
		{9E6E1F38-2D18-4D0A-BC84-ADE1BF33F571}.Debug|Any CPU.Build.0 = Debug|Any CPU
		{9E6E1F38-2D18-4D0A-BC84-ADE1BF33F571}.Debug|Any CPU.Deploy.0 = Debug|Any CPU
		{9E6E1F38-2D18-4D0A-BC84-ADE1BF33F571}.Release|Any CPU.ActiveCfg = Release|Any CPU
		{9E6E1F38-2D18-4D0A-BC84-ADE1BF33F571}.Release|Any CPU.Build.0 = Release|Any CPU
		{9E6E1F38-2D18-4D0A-BC84-ADE1BF33F571}.Release|Any CPU.Deploy.0 = Release|Any CPU
		{C1019953-80E9-4402-A7AC-74B2DCFD76B2}.Debug|Any CPU.ActiveCfg = Debug|Any CPU
		{C1019953-80E9-4402-A7AC-74B2DCFD76B2}.Debug|Any CPU.Build.0 = Debug|Any CPU
		{C1019953-80E9-4402-A7AC-74B2DCFD76B2}.Release|Any CPU.ActiveCfg = Release|Any CPU
		{C1019953-80E9-4402-A7AC-74B2DCFD76B2}.Release|Any CPU.Build.0 = Release|Any CPU
		{730FDB85-3FCC-4BB4-B87A-5574B0C7B9D5}.Debug|Any CPU.ActiveCfg = Debug|Any CPU
		{730FDB85-3FCC-4BB4-B87A-5574B0C7B9D5}.Debug|Any CPU.Build.0 = Debug|Any CPU
		{730FDB85-3FCC-4BB4-B87A-5574B0C7B9D5}.Release|Any CPU.ActiveCfg = Release|Any CPU
		{730FDB85-3FCC-4BB4-B87A-5574B0C7B9D5}.Release|Any CPU.Build.0 = Release|Any CPU
		{E03F321D-5F40-4335-9F9D-EF1B94FA4D63}.Debug|Any CPU.ActiveCfg = Debug|Any CPU
		{E03F321D-5F40-4335-9F9D-EF1B94FA4D63}.Debug|Any CPU.Build.0 = Debug|Any CPU
		{E03F321D-5F40-4335-9F9D-EF1B94FA4D63}.Release|Any CPU.ActiveCfg = Release|Any CPU
		{E03F321D-5F40-4335-9F9D-EF1B94FA4D63}.Release|Any CPU.Build.0 = Release|Any CPU
		{388DAB39-0D49-4C2F-9903-4F2C242BD764}.Debug|Any CPU.ActiveCfg = Debug|Any CPU
		{388DAB39-0D49-4C2F-9903-4F2C242BD764}.Debug|Any CPU.Build.0 = Debug|Any CPU
		{388DAB39-0D49-4C2F-9903-4F2C242BD764}.Release|Any CPU.ActiveCfg = Release|Any CPU
		{388DAB39-0D49-4C2F-9903-4F2C242BD764}.Release|Any CPU.Build.0 = Release|Any CPU
		{E0C9D057-D8E4-4027-86F8-4816C542C029}.Debug|Any CPU.ActiveCfg = Debug|Any CPU
		{E0C9D057-D8E4-4027-86F8-4816C542C029}.Debug|Any CPU.Build.0 = Debug|Any CPU
		{E0C9D057-D8E4-4027-86F8-4816C542C029}.Release|Any CPU.ActiveCfg = Release|Any CPU
		{E0C9D057-D8E4-4027-86F8-4816C542C029}.Release|Any CPU.Build.0 = Release|Any CPU
	EndGlobalSection
	GlobalSection(SolutionProperties) = preSolution
		HideSolutionNode = FALSE
	EndGlobalSection
	GlobalSection(NestedProjects) = preSolution
		{7CDB0FFD-2834-4F4D-9CB6-E56D8249C692} = {DEE9CC0A-FFCD-49BF-87AC-C3893960A66B}
		{9E6E1F38-2D18-4D0A-BC84-ADE1BF33F571} = {DEE9CC0A-FFCD-49BF-87AC-C3893960A66B}
		{E03F321D-5F40-4335-9F9D-EF1B94FA4D63} = {BAD5CF10-1812-4D80-8C1D-EAA213060E25}
	EndGlobalSection
EndGlobal
